// !$*UTF8*$!
{
	archiveVersion = 1;
	classes = {
	};
	objectVersion = 50;
	objects = {

/* Begin PBXBuildFile section */
		BF3E6802245CB35E001DAB85 /* AppDelegate.swift in Sources */ = {isa = PBXBuildFile; fileRef = BF3E6801245CB35E001DAB85 /* AppDelegate.swift */; };
		BF3E6804245CB35E001DAB85 /* SceneDelegate.swift in Sources */ = {isa = PBXBuildFile; fileRef = BF3E6803245CB35E001DAB85 /* SceneDelegate.swift */; };
		BF3E6806245CB35E001DAB85 /* ViewController.swift in Sources */ = {isa = PBXBuildFile; fileRef = BF3E6805245CB35E001DAB85 /* ViewController.swift */; };
		BF3E6809245CB35E001DAB85 /* Main.storyboard in Resources */ = {isa = PBXBuildFile; fileRef = BF3E6807245CB35E001DAB85 /* Main.storyboard */; };
		BF3E680C245CB35E001DAB85 /* IOSTakePhotoTutorial.xcdatamodeld in Sources */ = {isa = PBXBuildFile; fileRef = BF3E680A245CB35E001DAB85 /* IOSTakePhotoTutorial.xcdatamodeld */; };
		BF3E680E245CB360001DAB85 /* Assets.xcassets in Resources */ = {isa = PBXBuildFile; fileRef = BF3E680D245CB360001DAB85 /* Assets.xcassets */; };
		BF3E6811245CB360001DAB85 /* LaunchScreen.storyboard in Resources */ = {isa = PBXBuildFile; fileRef = BF3E680F245CB360001DAB85 /* LaunchScreen.storyboard */; };
		BF3E681C245CB361001DAB85 /* IOSTakePhotoTutorialTests.swift in Sources */ = {isa = PBXBuildFile; fileRef = BF3E681B245CB361001DAB85 /* IOSTakePhotoTutorialTests.swift */; };
		BF3E6827245CB361001DAB85 /* IOSTakePhotoTutorialUITests.swift in Sources */ = {isa = PBXBuildFile; fileRef = BF3E6826245CB361001DAB85 /* IOSTakePhotoTutorialUITests.swift */; };
/* End PBXBuildFile section */

/* Begin PBXContainerItemProxy section */
		BF3E6818245CB360001DAB85 /* PBXContainerItemProxy */ = {
			isa = PBXContainerItemProxy;
			containerPortal = BF3E67F6245CB35E001DAB85 /* Project object */;
			proxyType = 1;
			remoteGlobalIDString = BF3E67FD245CB35E001DAB85;
			remoteInfo = IOSTakePhotoTutorial;
		};
		BF3E6823245CB361001DAB85 /* PBXContainerItemProxy */ = {
			isa = PBXContainerItemProxy;
			containerPortal = BF3E67F6245CB35E001DAB85 /* Project object */;
			proxyType = 1;
			remoteGlobalIDString = BF3E67FD245CB35E001DAB85;
			remoteInfo = IOSTakePhotoTutorial;
		};
/* End PBXContainerItemProxy section */

/* Begin PBXFileReference section */
		BF3E67FE245CB35E001DAB85 /* IOSTakePhotoTutorial.app */ = {isa = PBXFileReference; explicitFileType = wrapper.application; includeInIndex = 0; path = IOSTakePhotoTutorial.app; sourceTree = BUILT_PRODUCTS_DIR; };
		BF3E6801245CB35E001DAB85 /* AppDelegate.swift */ = {isa = PBXFileReference; lastKnownFileType = sourcecode.swift; path = AppDelegate.swift; sourceTree = "<group>"; };
		BF3E6803245CB35E001DAB85 /* SceneDelegate.swift */ = {isa = PBXFileReference; lastKnownFileType = sourcecode.swift; path = SceneDelegate.swift; sourceTree = "<group>"; };
		BF3E6805245CB35E001DAB85 /* ViewController.swift */ = {isa = PBXFileReference; lastKnownFileType = sourcecode.swift; path = ViewController.swift; sourceTree = "<group>"; };
		BF3E6808245CB35E001DAB85 /* Base */ = {isa = PBXFileReference; lastKnownFileType = file.storyboard; name = Base; path = Base.lproj/Main.storyboard; sourceTree = "<group>"; };
		BF3E680B245CB35E001DAB85 /* IOSTakePhotoTutorial.xcdatamodel */ = {isa = PBXFileReference; lastKnownFileType = wrapper.xcdatamodel; path = IOSTakePhotoTutorial.xcdatamodel; sourceTree = "<group>"; };
		BF3E680D245CB360001DAB85 /* Assets.xcassets */ = {isa = PBXFileReference; lastKnownFileType = folder.assetcatalog; path = Assets.xcassets; sourceTree = "<group>"; };
		BF3E6810245CB360001DAB85 /* Base */ = {isa = PBXFileReference; lastKnownFileType = file.storyboard; name = Base; path = Base.lproj/LaunchScreen.storyboard; sourceTree = "<group>"; };
		BF3E6812245CB360001DAB85 /* Info.plist */ = {isa = PBXFileReference; lastKnownFileType = text.plist.xml; path = Info.plist; sourceTree = "<group>"; };
		BF3E6817245CB360001DAB85 /* IOSTakePhotoTutorialTests.xctest */ = {isa = PBXFileReference; explicitFileType = wrapper.cfbundle; includeInIndex = 0; path = IOSTakePhotoTutorialTests.xctest; sourceTree = BUILT_PRODUCTS_DIR; };
		BF3E681B245CB361001DAB85 /* IOSTakePhotoTutorialTests.swift */ = {isa = PBXFileReference; lastKnownFileType = sourcecode.swift; path = IOSTakePhotoTutorialTests.swift; sourceTree = "<group>"; };
		BF3E681D245CB361001DAB85 /* Info.plist */ = {isa = PBXFileReference; lastKnownFileType = text.plist.xml; path = Info.plist; sourceTree = "<group>"; };
		BF3E6822245CB361001DAB85 /* IOSTakePhotoTutorialUITests.xctest */ = {isa = PBXFileReference; explicitFileType = wrapper.cfbundle; includeInIndex = 0; path = IOSTakePhotoTutorialUITests.xctest; sourceTree = BUILT_PRODUCTS_DIR; };
		BF3E6826245CB361001DAB85 /* IOSTakePhotoTutorialUITests.swift */ = {isa = PBXFileReference; lastKnownFileType = sourcecode.swift; path = IOSTakePhotoTutorialUITests.swift; sourceTree = "<group>"; };
		BF3E6828245CB361001DAB85 /* Info.plist */ = {isa = PBXFileReference; lastKnownFileType = text.plist.xml; path = Info.plist; sourceTree = "<group>"; };
		BF3E6834245CB37C001DAB85 /* IOSTakePhotoTutorial.entitlements */ = {isa = PBXFileReference; lastKnownFileType = text.plist.entitlements; path = IOSTakePhotoTutorial.entitlements; sourceTree = "<group>"; };
/* End PBXFileReference section */

/* Begin PBXFrameworksBuildPhase section */
		BF3E67FB245CB35E001DAB85 /* Frameworks */ = {
			isa = PBXFrameworksBuildPhase;
			buildActionMask = 2147483647;
			files = (
			);
			runOnlyForDeploymentPostprocessing = 0;
		};
		BF3E6814245CB360001DAB85 /* Frameworks */ = {
			isa = PBXFrameworksBuildPhase;
			buildActionMask = 2147483647;
			files = (
			);
			runOnlyForDeploymentPostprocessing = 0;
		};
		BF3E681F245CB361001DAB85 /* Frameworks */ = {
			isa = PBXFrameworksBuildPhase;
			buildActionMask = 2147483647;
			files = (
			);
			runOnlyForDeploymentPostprocessing = 0;
		};
/* End PBXFrameworksBuildPhase section */

/* Begin PBXGroup section */
		BF3E67F5245CB35E001DAB85 = {
			isa = PBXGroup;
			children = (
				BF3E6800245CB35E001DAB85 /* IOSTakePhotoTutorial */,
				BF3E681A245CB361001DAB85 /* IOSTakePhotoTutorialTests */,
				BF3E6825245CB361001DAB85 /* IOSTakePhotoTutorialUITests */,
				BF3E67FF245CB35E001DAB85 /* Products */,
			);
			sourceTree = "<group>";
		};
		BF3E67FF245CB35E001DAB85 /* Products */ = {
			isa = PBXGroup;
			children = (
				BF3E67FE245CB35E001DAB85 /* IOSTakePhotoTutorial.app */,
				BF3E6817245CB360001DAB85 /* IOSTakePhotoTutorialTests.xctest */,
				BF3E6822245CB361001DAB85 /* IOSTakePhotoTutorialUITests.xctest */,
			);
			name = Products;
			sourceTree = "<group>";
		};
		BF3E6800245CB35E001DAB85 /* IOSTakePhotoTutorial */ = {
			isa = PBXGroup;
			children = (
				BF3E6834245CB37C001DAB85 /* IOSTakePhotoTutorial.entitlements */,
				BF3E6801245CB35E001DAB85 /* AppDelegate.swift */,
				BF3E6803245CB35E001DAB85 /* SceneDelegate.swift */,
				BF3E6805245CB35E001DAB85 /* ViewController.swift */,
				BF3E6807245CB35E001DAB85 /* Main.storyboard */,
				BF3E680D245CB360001DAB85 /* Assets.xcassets */,
				BF3E680F245CB360001DAB85 /* LaunchScreen.storyboard */,
				BF3E6812245CB360001DAB85 /* Info.plist */,
				BF3E680A245CB35E001DAB85 /* IOSTakePhotoTutorial.xcdatamodeld */,
			);
			path = IOSTakePhotoTutorial;
			sourceTree = "<group>";
		};
		BF3E681A245CB361001DAB85 /* IOSTakePhotoTutorialTests */ = {
			isa = PBXGroup;
			children = (
				BF3E681B245CB361001DAB85 /* IOSTakePhotoTutorialTests.swift */,
				BF3E681D245CB361001DAB85 /* Info.plist */,
			);
			path = IOSTakePhotoTutorialTests;
			sourceTree = "<group>";
		};
		BF3E6825245CB361001DAB85 /* IOSTakePhotoTutorialUITests */ = {
			isa = PBXGroup;
			children = (
				BF3E6826245CB361001DAB85 /* IOSTakePhotoTutorialUITests.swift */,
				BF3E6828245CB361001DAB85 /* Info.plist */,
			);
			path = IOSTakePhotoTutorialUITests;
			sourceTree = "<group>";
		};
/* End PBXGroup section */

/* Begin PBXNativeTarget section */
		BF3E67FD245CB35E001DAB85 /* IOSTakePhotoTutorial */ = {
			isa = PBXNativeTarget;
			buildConfigurationList = BF3E682B245CB361001DAB85 /* Build configuration list for PBXNativeTarget "IOSTakePhotoTutorial" */;
			buildPhases = (
				BF3E67FA245CB35E001DAB85 /* Sources */,
				BF3E67FB245CB35E001DAB85 /* Frameworks */,
				BF3E67FC245CB35E001DAB85 /* Resources */,
			);
			buildRules = (
			);
			dependencies = (
			);
			name = IOSTakePhotoTutorial;
			productName = IOSTakePhotoTutorial;
			productReference = BF3E67FE245CB35E001DAB85 /* IOSTakePhotoTutorial.app */;
			productType = "com.apple.product-type.application";
		};
		BF3E6816245CB360001DAB85 /* IOSTakePhotoTutorialTests */ = {
			isa = PBXNativeTarget;
			buildConfigurationList = BF3E682E245CB361001DAB85 /* Build configuration list for PBXNativeTarget "IOSTakePhotoTutorialTests" */;
			buildPhases = (
				BF3E6813245CB360001DAB85 /* Sources */,
				BF3E6814245CB360001DAB85 /* Frameworks */,
				BF3E6815245CB360001DAB85 /* Resources */,
			);
			buildRules = (
			);
			dependencies = (
				BF3E6819245CB360001DAB85 /* PBXTargetDependency */,
			);
			name = IOSTakePhotoTutorialTests;
			productName = IOSTakePhotoTutorialTests;
			productReference = BF3E6817245CB360001DAB85 /* IOSTakePhotoTutorialTests.xctest */;
			productType = "com.apple.product-type.bundle.unit-test";
		};
		BF3E6821245CB361001DAB85 /* IOSTakePhotoTutorialUITests */ = {
			isa = PBXNativeTarget;
			buildConfigurationList = BF3E6831245CB361001DAB85 /* Build configuration list for PBXNativeTarget "IOSTakePhotoTutorialUITests" */;
			buildPhases = (
				BF3E681E245CB361001DAB85 /* Sources */,
				BF3E681F245CB361001DAB85 /* Frameworks */,
				BF3E6820245CB361001DAB85 /* Resources */,
			);
			buildRules = (
			);
			dependencies = (
				BF3E6824245CB361001DAB85 /* PBXTargetDependency */,
			);
			name = IOSTakePhotoTutorialUITests;
			productName = IOSTakePhotoTutorialUITests;
			productReference = BF3E6822245CB361001DAB85 /* IOSTakePhotoTutorialUITests.xctest */;
			productType = "com.apple.product-type.bundle.ui-testing";
		};
/* End PBXNativeTarget section */

/* Begin PBXProject section */
		BF3E67F6245CB35E001DAB85 /* Project object */ = {
			isa = PBXProject;
			attributes = {
				LastSwiftUpdateCheck = 1140;
				LastUpgradeCheck = 1140;
				ORGANIZATIONNAME = "Lenard Howell";
				TargetAttributes = {
					BF3E67FD245CB35E001DAB85 = {
						CreatedOnToolsVersion = 11.4.1;
					};
					BF3E6816245CB360001DAB85 = {
						CreatedOnToolsVersion = 11.4.1;
						TestTargetID = BF3E67FD245CB35E001DAB85;
					};
					BF3E6821245CB361001DAB85 = {
						CreatedOnToolsVersion = 11.4.1;
						TestTargetID = BF3E67FD245CB35E001DAB85;
					};
				};
			};
			buildConfigurationList = BF3E67F9245CB35E001DAB85 /* Build configuration list for PBXProject "IOSTakePhotoTutorial" */;
			compatibilityVersion = "Xcode 9.3";
			developmentRegion = en;
			hasScannedForEncodings = 0;
			knownRegions = (
				en,
				Base,
			);
			mainGroup = BF3E67F5245CB35E001DAB85;
			productRefGroup = BF3E67FF245CB35E001DAB85 /* Products */;
			projectDirPath = "";
			projectRoot = "";
			targets = (
				BF3E67FD245CB35E001DAB85 /* IOSTakePhotoTutorial */,
				BF3E6816245CB360001DAB85 /* IOSTakePhotoTutorialTests */,
				BF3E6821245CB361001DAB85 /* IOSTakePhotoTutorialUITests */,
			);
		};
/* End PBXProject section */

/* Begin PBXResourcesBuildPhase section */
		BF3E67FC245CB35E001DAB85 /* Resources */ = {
			isa = PBXResourcesBuildPhase;
			buildActionMask = 2147483647;
			files = (
				BF3E6811245CB360001DAB85 /* LaunchScreen.storyboard in Resources */,
				BF3E680E245CB360001DAB85 /* Assets.xcassets in Resources */,
				BF3E6809245CB35E001DAB85 /* Main.storyboard in Resources */,
			);
			runOnlyForDeploymentPostprocessing = 0;
		};
		BF3E6815245CB360001DAB85 /* Resources */ = {
			isa = PBXResourcesBuildPhase;
			buildActionMask = 2147483647;
			files = (
			);
			runOnlyForDeploymentPostprocessing = 0;
		};
		BF3E6820245CB361001DAB85 /* Resources */ = {
			isa = PBXResourcesBuildPhase;
			buildActionMask = 2147483647;
			files = (
			);
			runOnlyForDeploymentPostprocessing = 0;
		};
/* End PBXResourcesBuildPhase section */

/* Begin PBXSourcesBuildPhase section */
		BF3E67FA245CB35E001DAB85 /* Sources */ = {
			isa = PBXSourcesBuildPhase;
			buildActionMask = 2147483647;
			files = (
				BF3E6806245CB35E001DAB85 /* ViewController.swift in Sources */,
				BF3E680C245CB35E001DAB85 /* IOSTakePhotoTutorial.xcdatamodeld in Sources */,
				BF3E6802245CB35E001DAB85 /* AppDelegate.swift in Sources */,
				BF3E6804245CB35E001DAB85 /* SceneDelegate.swift in Sources */,
			);
			runOnlyForDeploymentPostprocessing = 0;
		};
		BF3E6813245CB360001DAB85 /* Sources */ = {
			isa = PBXSourcesBuildPhase;
			buildActionMask = 2147483647;
			files = (
				BF3E681C245CB361001DAB85 /* IOSTakePhotoTutorialTests.swift in Sources */,
			);
			runOnlyForDeploymentPostprocessing = 0;
		};
		BF3E681E245CB361001DAB85 /* Sources */ = {
			isa = PBXSourcesBuildPhase;
			buildActionMask = 2147483647;
			files = (
				BF3E6827245CB361001DAB85 /* IOSTakePhotoTutorialUITests.swift in Sources */,
			);
			runOnlyForDeploymentPostprocessing = 0;
		};
/* End PBXSourcesBuildPhase section */

/* Begin PBXTargetDependency section */
		BF3E6819245CB360001DAB85 /* PBXTargetDependency */ = {
			isa = PBXTargetDependency;
			target = BF3E67FD245CB35E001DAB85 /* IOSTakePhotoTutorial */;
			targetProxy = BF3E6818245CB360001DAB85 /* PBXContainerItemProxy */;
		};
		BF3E6824245CB361001DAB85 /* PBXTargetDependency */ = {
			isa = PBXTargetDependency;
			target = BF3E67FD245CB35E001DAB85 /* IOSTakePhotoTutorial */;
			targetProxy = BF3E6823245CB361001DAB85 /* PBXContainerItemProxy */;
		};
/* End PBXTargetDependency section */

/* Begin PBXVariantGroup section */
		BF3E6807245CB35E001DAB85 /* Main.storyboard */ = {
			isa = PBXVariantGroup;
			children = (
				BF3E6808245CB35E001DAB85 /* Base */,
			);
			name = Main.storyboard;
			sourceTree = "<group>";
		};
		BF3E680F245CB360001DAB85 /* LaunchScreen.storyboard */ = {
			isa = PBXVariantGroup;
			children = (
				BF3E6810245CB360001DAB85 /* Base */,
			);
			name = LaunchScreen.storyboard;
			sourceTree = "<group>";
		};
/* End PBXVariantGroup section */

/* Begin XCBuildConfiguration section */
		BF3E6829245CB361001DAB85 /* Debug */ = {
			isa = XCBuildConfiguration;
			buildSettings = {
				ALWAYS_SEARCH_USER_PATHS = NO;
				CLANG_ANALYZER_NONNULL = YES;
				CLANG_ANALYZER_NUMBER_OBJECT_CONVERSION = YES_AGGRESSIVE;
				CLANG_CXX_LANGUAGE_STANDARD = "gnu++14";
				CLANG_CXX_LIBRARY = "libc++";
				CLANG_ENABLE_MODULES = YES;
				CLANG_ENABLE_OBJC_ARC = YES;
				CLANG_ENABLE_OBJC_WEAK = YES;
				CLANG_WARN_BLOCK_CAPTURE_AUTORELEASING = YES;
				CLANG_WARN_BOOL_CONVERSION = YES;
				CLANG_WARN_COMMA = YES;
				CLANG_WARN_CONSTANT_CONVERSION = YES;
				CLANG_WARN_DEPRECATED_OBJC_IMPLEMENTATIONS = YES;
				CLANG_WARN_DIRECT_OBJC_ISA_USAGE = YES_ERROR;
				CLANG_WARN_DOCUMENTATION_COMMENTS = YES;
				CLANG_WARN_EMPTY_BODY = YES;
				CLANG_WARN_ENUM_CONVERSION = YES;
				CLANG_WARN_INFINITE_RECURSION = YES;
				CLANG_WARN_INT_CONVERSION = YES;
				CLANG_WARN_NON_LITERAL_NULL_CONVERSION = YES;
				CLANG_WARN_OBJC_IMPLICIT_RETAIN_SELF = YES;
				CLANG_WARN_OBJC_LITERAL_CONVERSION = YES;
				CLANG_WARN_OBJC_ROOT_CLASS = YES_ERROR;
				CLANG_WARN_RANGE_LOOP_ANALYSIS = YES;
				CLANG_WARN_STRICT_PROTOTYPES = YES;
				CLANG_WARN_SUSPICIOUS_MOVE = YES;
				CLANG_WARN_UNGUARDED_AVAILABILITY = YES_AGGRESSIVE;
				CLANG_WARN_UNREACHABLE_CODE = YES;
				CLANG_WARN__DUPLICATE_METHOD_MATCH = YES;
				COPY_PHASE_STRIP = NO;
				DEBUG_INFORMATION_FORMAT = dwarf;
				ENABLE_STRICT_OBJC_MSGSEND = YES;
				ENABLE_TESTABILITY = YES;
				GCC_C_LANGUAGE_STANDARD = gnu11;
				GCC_DYNAMIC_NO_PIC = NO;
				GCC_NO_COMMON_BLOCKS = YES;
				GCC_OPTIMIZATION_LEVEL = 0;
				GCC_PREPROCESSOR_DEFINITIONS = (
					"DEBUG=1",
					"$(inherited)",
				);
				GCC_WARN_64_TO_32_BIT_CONVERSION = YES;
				GCC_WARN_ABOUT_RETURN_TYPE = YES_ERROR;
				GCC_WARN_UNDECLARED_SELECTOR = YES;
				GCC_WARN_UNINITIALIZED_AUTOS = YES_AGGRESSIVE;
				GCC_WARN_UNUSED_FUNCTION = YES;
				GCC_WARN_UNUSED_VARIABLE = YES;
				IPHONEOS_DEPLOYMENT_TARGET = 13.4;
				MTL_ENABLE_DEBUG_INFO = INCLUDE_SOURCE;
				MTL_FAST_MATH = YES;
				ONLY_ACTIVE_ARCH = YES;
				SDKROOT = iphoneos;
				SWIFT_ACTIVE_COMPILATION_CONDITIONS = DEBUG;
				SWIFT_OPTIMIZATION_LEVEL = "-Onone";
			};
			name = Debug;
		};
		BF3E682A245CB361001DAB85 /* Release */ = {
			isa = XCBuildConfiguration;
			buildSettings = {
				ALWAYS_SEARCH_USER_PATHS = NO;
				CLANG_ANALYZER_NONNULL = YES;
				CLANG_ANALYZER_NUMBER_OBJECT_CONVERSION = YES_AGGRESSIVE;
				CLANG_CXX_LANGUAGE_STANDARD = "gnu++14";
				CLANG_CXX_LIBRARY = "libc++";
				CLANG_ENABLE_MODULES = YES;
				CLANG_ENABLE_OBJC_ARC = YES;
				CLANG_ENABLE_OBJC_WEAK = YES;
				CLANG_WARN_BLOCK_CAPTURE_AUTORELEASING = YES;
				CLANG_WARN_BOOL_CONVERSION = YES;
				CLANG_WARN_COMMA = YES;
				CLANG_WARN_CONSTANT_CONVERSION = YES;
				CLANG_WARN_DEPRECATED_OBJC_IMPLEMENTATIONS = YES;
				CLANG_WARN_DIRECT_OBJC_ISA_USAGE = YES_ERROR;
				CLANG_WARN_DOCUMENTATION_COMMENTS = YES;
				CLANG_WARN_EMPTY_BODY = YES;
				CLANG_WARN_ENUM_CONVERSION = YES;
				CLANG_WARN_INFINITE_RECURSION = YES;
				CLANG_WARN_INT_CONVERSION = YES;
				CLANG_WARN_NON_LITERAL_NULL_CONVERSION = YES;
				CLANG_WARN_OBJC_IMPLICIT_RETAIN_SELF = YES;
				CLANG_WARN_OBJC_LITERAL_CONVERSION = YES;
				CLANG_WARN_OBJC_ROOT_CLASS = YES_ERROR;
				CLANG_WARN_RANGE_LOOP_ANALYSIS = YES;
				CLANG_WARN_STRICT_PROTOTYPES = YES;
				CLANG_WARN_SUSPICIOUS_MOVE = YES;
				CLANG_WARN_UNGUARDED_AVAILABILITY = YES_AGGRESSIVE;
				CLANG_WARN_UNREACHABLE_CODE = YES;
				CLANG_WARN__DUPLICATE_METHOD_MATCH = YES;
				COPY_PHASE_STRIP = NO;
				DEBUG_INFORMATION_FORMAT = "dwarf-with-dsym";
				ENABLE_NS_ASSERTIONS = NO;
				ENABLE_STRICT_OBJC_MSGSEND = YES;
				GCC_C_LANGUAGE_STANDARD = gnu11;
				GCC_NO_COMMON_BLOCKS = YES;
				GCC_WARN_64_TO_32_BIT_CONVERSION = YES;
				GCC_WARN_ABOUT_RETURN_TYPE = YES_ERROR;
				GCC_WARN_UNDECLARED_SELECTOR = YES;
				GCC_WARN_UNINITIALIZED_AUTOS = YES_AGGRESSIVE;
				GCC_WARN_UNUSED_FUNCTION = YES;
				GCC_WARN_UNUSED_VARIABLE = YES;
				IPHONEOS_DEPLOYMENT_TARGET = 13.4;
				MTL_ENABLE_DEBUG_INFO = NO;
				MTL_FAST_MATH = YES;
				SDKROOT = iphoneos;
				SWIFT_COMPILATION_MODE = wholemodule;
				SWIFT_OPTIMIZATION_LEVEL = "-O";
				VALIDATE_PRODUCT = YES;
			};
			name = Release;
		};
		BF3E682C245CB361001DAB85 /* Debug */ = {
			isa = XCBuildConfiguration;
			buildSettings = {
				ASSETCATALOG_COMPILER_APPICON_NAME = AppIcon;
				CODE_SIGN_ENTITLEMENTS = IOSTakePhotoTutorial/IOSTakePhotoTutorial.entitlements;
				CODE_SIGN_STYLE = Automatic;
				DEVELOPMENT_TEAM = B35JCGCXZ9;
				INFOPLIST_FILE = IOSTakePhotoTutorial/Info.plist;
				LD_RUNPATH_SEARCH_PATHS = (
					"$(inherited)",
					"@executable_path/Frameworks",
				);
				PRODUCT_BUNDLE_IDENTIFIER = com.len.howell.IOSTakePhotoTutorial;
				PRODUCT_NAME = "$(TARGET_NAME)";
				SUPPORTS_MACCATALYST = NO;
				SWIFT_VERSION = 5.0;
				TARGETED_DEVICE_FAMILY = "1,2";
			};
			name = Debug;
		};
		BF3E682D245CB361001DAB85 /* Release */ = {
			isa = XCBuildConfiguration;
			buildSettings = {
				ASSETCATALOG_COMPILER_APPICON_NAME = AppIcon;
				CODE_SIGN_ENTITLEMENTS = IOSTakePhotoTutorial/IOSTakePhotoTutorial.entitlements;
				CODE_SIGN_STYLE = Automatic;
				DEVELOPMENT_TEAM = B35JCGCXZ9;
				INFOPLIST_FILE = IOSTakePhotoTutorial/Info.plist;
				LD_RUNPATH_SEARCH_PATHS = (
					"$(inherited)",
					"@executable_path/Frameworks",
				);
				PRODUCT_BUNDLE_IDENTIFIER = com.len.howell.IOSTakePhotoTutorial;
				PRODUCT_NAME = "$(TARGET_NAME)";
				SUPPORTS_MACCATALYST = NO;
				SWIFT_VERSION = 5.0;
				TARGETED_DEVICE_FAMILY = "1,2";
			};
			name = Release;
		};
		BF3E682F245CB361001DAB85 /* Debug */ = {
			isa = XCBuildConfiguration;
			buildSettings = {
				ALWAYS_EMBED_SWIFT_STANDARD_LIBRARIES = YES;
				BUNDLE_LOADER = "$(TEST_HOST)";
				CODE_SIGN_STYLE = Automatic;
				DEVELOPMENT_TEAM = B35JCGCXZ9;
				INFOPLIST_FILE = IOSTakePhotoTutorialTests/Info.plist;
				IPHONEOS_DEPLOYMENT_TARGET = 13.4;
				LD_RUNPATH_SEARCH_PATHS = (
					"$(inherited)",
					"@executable_path/Frameworks",
					"@loader_path/Frameworks",
				);
				PRODUCT_BUNDLE_IDENTIFIER = com.len.howell.IOSTakePhotoTutorialTests;
				PRODUCT_NAME = "$(TARGET_NAME)";
				SWIFT_VERSION = 5.0;
				TARGETED_DEVICE_FAMILY = "1,2";
				TEST_HOST = "$(BUILT_PRODUCTS_DIR)/IOSTakePhotoTutorial.app/IOSTakePhotoTutorial";
			};
			name = Debug;
		};
		BF3E6830245CB361001DAB85 /* Release */ = {
			isa = XCBuildConfiguration;
			buildSettings = {
				ALWAYS_EMBED_SWIFT_STANDARD_LIBRARIES = YES;
				BUNDLE_LOADER = "$(TEST_HOST)";
				CODE_SIGN_STYLE = Automatic;
				DEVELOPMENT_TEAM = B35JCGCXZ9;
				INFOPLIST_FILE = IOSTakePhotoTutorialTests/Info.plist;
				IPHONEOS_DEPLOYMENT_TARGET = 13.4;
				LD_RUNPATH_SEARCH_PATHS = (
					"$(inherited)",
					"@executable_path/Frameworks",
					"@loader_path/Frameworks",
				);
				PRODUCT_BUNDLE_IDENTIFIER = com.len.howell.IOSTakePhotoTutorialTests;
				PRODUCT_NAME = "$(TARGET_NAME)";
				SWIFT_VERSION = 5.0;
				TARGETED_DEVICE_FAMILY = "1,2";
				TEST_HOST = "$(BUILT_PRODUCTS_DIR)/IOSTakePhotoTutorial.app/IOSTakePhotoTutorial";
			};
			name = Release;
		};
		BF3E6832245CB361001DAB85 /* Debug */ = {
			isa = XCBuildConfiguration;
			buildSettings = {
				ALWAYS_EMBED_SWIFT_STANDARD_LIBRARIES = YES;
				CODE_SIGN_STYLE = Automatic;
				DEVELOPMENT_TEAM = B35JCGCXZ9;
				INFOPLIST_FILE = IOSTakePhotoTutorialUITests/Info.plist;
				LD_RUNPATH_SEARCH_PATHS = (
					"$(inherited)",
					"@executable_path/Frameworks",
					"@loader_path/Frameworks",
				);
				PRODUCT_BUNDLE_IDENTIFIER = com.len.howell.IOSTakePhotoTutorialUITests;
				PRODUCT_NAME = "$(TARGET_NAME)";
				SWIFT_VERSION = 5.0;
				TARGETED_DEVICE_FAMILY = "1,2";
				TEST_TARGET_NAME = IOSTakePhotoTutorial;
			};
			name = Debug;
		};
		BF3E6833245CB361001DAB85 /* Release */ = {
			isa = XCBuildConfiguration;
			buildSettings = {
				ALWAYS_EMBED_SWIFT_STANDARD_LIBRARIES = YES;
				CODE_SIGN_STYLE = Automatic;
				DEVELOPMENT_TEAM = B35JCGCXZ9;
				INFOPLIST_FILE = IOSTakePhotoTutorialUITests/Info.plist;
				LD_RUNPATH_SEARCH_PATHS = (
					"$(inherited)",
					"@executable_path/Frameworks",
					"@loader_path/Frameworks",
				);
				PRODUCT_BUNDLE_IDENTIFIER = com.len.howell.IOSTakePhotoTutorialUITests;
				PRODUCT_NAME = "$(TARGET_NAME)";
				SWIFT_VERSION = 5.0;
				TARGETED_DEVICE_FAMILY = "1,2";
				TEST_TARGET_NAME = IOSTakePhotoTutorial;
			};
			name = Release;
		};
/* End XCBuildConfiguration section */

/* Begin XCConfigurationList section */
		BF3E67F9245CB35E001DAB85 /* Build configuration list for PBXProject "IOSTakePhotoTutorial" */ = {
			isa = XCConfigurationList;
			buildConfigurations = (
				BF3E6829245CB361001DAB85 /* Debug */,
				BF3E682A245CB361001DAB85 /* Release */,
			);
			defaultConfigurationIsVisible = 0;
			defaultConfigurationName = Release;
		};
		BF3E682B245CB361001DAB85 /* Build configuration list for PBXNativeTarget "IOSTakePhotoTutorial" */ = {
			isa = XCConfigurationList;
			buildConfigurations = (
				BF3E682C245CB361001DAB85 /* Debug */,
				BF3E682D245CB361001DAB85 /* Release */,
			);
			defaultConfigurationIsVisible = 0;
			defaultConfigurationName = Release;
		};
		BF3E682E245CB361001DAB85 /* Build configuration list for PBXNativeTarget "IOSTakePhotoTutorialTests" */ = {
			isa = XCConfigurationList;
			buildConfigurations = (
				BF3E682F245CB361001DAB85 /* Debug */,
				BF3E6830245CB361001DAB85 /* Release */,
			);
			defaultConfigurationIsVisible = 0;
			defaultConfigurationName = Release;
		};
		BF3E6831245CB361001DAB85 /* Build configuration list for PBXNativeTarget "IOSTakePhotoTutorialUITests" */ = {
			isa = XCConfigurationList;
			buildConfigurations = (
				BF3E6832245CB361001DAB85 /* Debug */,
				BF3E6833245CB361001DAB85 /* Release */,
			);
			defaultConfigurationIsVisible = 0;
			defaultConfigurationName = Release;
		};
/* End XCConfigurationList section */

/* Begin XCVersionGroup section */
		BF3E680A245CB35E001DAB85 /* IOSTakePhotoTutorial.xcdatamodeld */ = {
			isa = XCVersionGroup;
			children = (
				BF3E680B245CB35E001DAB85 /* IOSTakePhotoTutorial.xcdatamodel */,
			);
			currentVersion = BF3E680B245CB35E001DAB85 /* IOSTakePhotoTutorial.xcdatamodel */;
			path = IOSTakePhotoTutorial.xcdatamodeld;
			sourceTree = "<group>";
			versionGroupType = wrapper.xcdatamodel;
		};
/* End XCVersionGroup section */
	};
	rootObject = BF3E67F6245CB35E001DAB85 /* Project object */;
}
